
Microsoft Visual Studio Solution File, Format Version 12.00
# Visual Studio Version 17
VisualStudioVersion = 17.0.31912.275
MinimumVisualStudioVersion = 10.0.40219.1
Project("{9A19103F-16F7-4668-BE54-9A1E7A4F7556}") = "Day1Task1", "Day1Task1\Day1Task1.csproj", "{C830D272-C07C-48E0-85EE-E33B4186BF4D}"
EndProject
Project("{9A19103F-16F7-4668-BE54-9A1E7A4F7556}") = "Day1Task2", "Day1Task2\Day1Task2.csproj", "{E7447E2A-4A0D-42FB-8DBA-7D745E1D6E05}"
EndProject
Project("{9A19103F-16F7-4668-BE54-9A1E7A4F7556}") = "Day2Task1", "Day2Task1\Day2Task1.csproj", "{C51BB598-D819-4C97-B7B0-D7A5828A29FC}"
EndProject
Project("{9A19103F-16F7-4668-BE54-9A1E7A4F7556}") = "Day2Task2", "Day2Task2\Day2Task2.csproj", "{A18A121C-75B0-49AD-B244-0FC38A5EC76B}"
EndProject
Project("{9A19103F-16F7-4668-BE54-9A1E7A4F7556}") = "Day3Task1", "Day3Task1\Day3Task1.csproj", "{42ECAAFD-B8EE-4DB6-A24D-4F401244CBA1}"
EndProject
Project("{9A19103F-16F7-4668-BE54-9A1E7A4F7556}") = "Day3Task2", "Day3Task2\Day3Task2.csproj", "{EB3D2A79-EDE9-4046-9ABD-AAC13BE43D04}"
EndProject
Project("{9A19103F-16F7-4668-BE54-9A1E7A4F7556}") = "Day4Task1", "Day4Task1\Day4Task1.csproj", "{51909A4E-1447-48D9-942B-BEF67D11CF78}"
EndProject
Project("{9A19103F-16F7-4668-BE54-9A1E7A4F7556}") = "Day4Task2", "Day4Task2\Day4Task2.csproj", "{476B51D7-66D9-48A7-A2DE-08ED11427149}"
EndProject
Project("{9A19103F-16F7-4668-BE54-9A1E7A4F7556}") = "Day5Task1", "Day5Task1\Day5Task1.csproj", "{CCFFC3F9-8B43-4229-992D-D43A92A66ACF}"
EndProject
Project("{9A19103F-16F7-4668-BE54-9A1E7A4F7556}") = "Day5Task2", "Day5Task2\Day5Task2.csproj", "{A2CA6ED5-8A2E-4316-9703-E9AEC54F26B1}"
EndProject
Project("{9A19103F-16F7-4668-BE54-9A1E7A4F7556}") = "Day6Task1", "Day6Task1\Day6Task1.csproj", "{7A2B2DEB-906F-4C3B-BD7E-2E247C24C944}"
EndProject
Project("{9A19103F-16F7-4668-BE54-9A1E7A4F7556}") = "Day6Task2", "Day6Task2\Day6Task2.csproj", "{7CF27871-3BFE-4E82-ACA4-2AAF8ACEC661}"
EndProject
Project("{9A19103F-16F7-4668-BE54-9A1E7A4F7556}") = "Day7Task1", "Day7Task1\Day7Task1.csproj", "{F604683F-EDB7-4360-BE40-E3E37B68FA8F}"
EndProject
Project("{9A19103F-16F7-4668-BE54-9A1E7A4F7556}") = "Day7Task2", "Day7Task2\Day7Task2.csproj", "{6FE753A1-F078-4C9E-BEF3-47C1AA05B9A4}"
EndProject
Project("{9A19103F-16F7-4668-BE54-9A1E7A4F7556}") = "Day8Task1", "Day8Task1\Day8Task1.csproj", "{0810B7CB-36F8-487C-8E52-5CEBCECFF724}"
EndProject
Project("{9A19103F-16F7-4668-BE54-9A1E7A4F7556}") = "Day8Task2", "Day8Task2\Day8Task2.csproj", "{2C0D5231-A23F-48A6-A789-52DF054EA273}"
EndProject
Project("{9A19103F-16F7-4668-BE54-9A1E7A4F7556}") = "Day9Task1", "Day9Task1\Day9Task1.csproj", "{ECFB83AA-AEFE-475E-B5C9-50680ACB95C9}"
EndProject
Project("{9A19103F-16F7-4668-BE54-9A1E7A4F7556}") = "Day9Task2", "Day9Task2\Day9Task2.csproj", "{05548DBA-D94B-43A2-8D3D-3893998B39D6}"
EndProject
Project("{9A19103F-16F7-4668-BE54-9A1E7A4F7556}") = "Day10Task1", "Day10Task1\Day10Task1.csproj", "{BCB3C604-F750-43F1-BA1A-028F147D634A}"
EndProject
Project("{9A19103F-16F7-4668-BE54-9A1E7A4F7556}") = "Day10Task2", "Day10Task2\Day10Task2.csproj", "{81346539-DFD7-43C0-941B-EBCD7B21C04A}"
EndProject
Project("{9A19103F-16F7-4668-BE54-9A1E7A4F7556}") = "Day11Task1", "Day11Task1\Day11Task1.csproj", "{A4C6346B-E7B0-4778-B1DC-FF94ED186889}"
EndProject
Project("{9A19103F-16F7-4668-BE54-9A1E7A4F7556}") = "Day11Task2", "Day11Task2\Day11Task2.csproj", "{7FD82345-4D87-4FD2-9BC3-9E38F7DAD6CB}"
EndProject
Project("{FAE04EC0-301F-11D3-BF4B-00C04F79EFBC}") = "Day12Task1", "Day12Task1\Day12Task1.csproj", "{C23C7F2F-B93B-4FA0-A4E8-5561E6BA766D}"
EndProject
Project("{FAE04EC0-301F-11D3-BF4B-00C04F79EFBC}") = "Day12Task2", "Day12Task2\Day12Task2.csproj", "{36F4694A-2EF9-424F-A8A7-57E8030B4B6D}"
EndProject
Project("{FAE04EC0-301F-11D3-BF4B-00C04F79EFBC}") = "Day13Task1", "Day13Task1\Day13Task1.csproj", "{FD93B88C-A954-42A8-81F0-BCCC48CCB317}"
EndProject
Project("{FAE04EC0-301F-11D3-BF4B-00C04F79EFBC}") = "Day14Task1", "Day14Task1\Day14Task1.csproj", "{D590BE46-9896-4687-9AF2-03847024059F}"
EndProject
Project("{FAE04EC0-301F-11D3-BF4B-00C04F79EFBC}") = "Day14Task2", "Day14Task2\Day14Task2.csproj", "{C0AE43DF-A8DB-419B-8163-67A072C66600}"
EndProject
Global
	GlobalSection(SolutionConfigurationPlatforms) = preSolution
		Debug|Any CPU = Debug|Any CPU
		Release|Any CPU = Release|Any CPU
	EndGlobalSection
	GlobalSection(ProjectConfigurationPlatforms) = postSolution
		{C830D272-C07C-48E0-85EE-E33B4186BF4D}.Debug|Any CPU.ActiveCfg = Debug|Any CPU
		{C830D272-C07C-48E0-85EE-E33B4186BF4D}.Debug|Any CPU.Build.0 = Debug|Any CPU
		{C830D272-C07C-48E0-85EE-E33B4186BF4D}.Release|Any CPU.ActiveCfg = Release|Any CPU
		{C830D272-C07C-48E0-85EE-E33B4186BF4D}.Release|Any CPU.Build.0 = Release|Any CPU
		{E7447E2A-4A0D-42FB-8DBA-7D745E1D6E05}.Debug|Any CPU.ActiveCfg = Debug|Any CPU
		{E7447E2A-4A0D-42FB-8DBA-7D745E1D6E05}.Debug|Any CPU.Build.0 = Debug|Any CPU
		{E7447E2A-4A0D-42FB-8DBA-7D745E1D6E05}.Release|Any CPU.ActiveCfg = Release|Any CPU
		{E7447E2A-4A0D-42FB-8DBA-7D745E1D6E05}.Release|Any CPU.Build.0 = Release|Any CPU
		{C51BB598-D819-4C97-B7B0-D7A5828A29FC}.Debug|Any CPU.ActiveCfg = Debug|Any CPU
		{C51BB598-D819-4C97-B7B0-D7A5828A29FC}.Debug|Any CPU.Build.0 = Debug|Any CPU
		{C51BB598-D819-4C97-B7B0-D7A5828A29FC}.Release|Any CPU.ActiveCfg = Release|Any CPU
		{C51BB598-D819-4C97-B7B0-D7A5828A29FC}.Release|Any CPU.Build.0 = Release|Any CPU
		{A18A121C-75B0-49AD-B244-0FC38A5EC76B}.Debug|Any CPU.ActiveCfg = Debug|Any CPU
		{A18A121C-75B0-49AD-B244-0FC38A5EC76B}.Debug|Any CPU.Build.0 = Debug|Any CPU
		{A18A121C-75B0-49AD-B244-0FC38A5EC76B}.Release|Any CPU.ActiveCfg = Release|Any CPU
		{A18A121C-75B0-49AD-B244-0FC38A5EC76B}.Release|Any CPU.Build.0 = Release|Any CPU
		{42ECAAFD-B8EE-4DB6-A24D-4F401244CBA1}.Debug|Any CPU.ActiveCfg = Debug|Any CPU
		{42ECAAFD-B8EE-4DB6-A24D-4F401244CBA1}.Debug|Any CPU.Build.0 = Debug|Any CPU
		{42ECAAFD-B8EE-4DB6-A24D-4F401244CBA1}.Release|Any CPU.ActiveCfg = Release|Any CPU
		{42ECAAFD-B8EE-4DB6-A24D-4F401244CBA1}.Release|Any CPU.Build.0 = Release|Any CPU
		{EB3D2A79-EDE9-4046-9ABD-AAC13BE43D04}.Debug|Any CPU.ActiveCfg = Debug|Any CPU
		{EB3D2A79-EDE9-4046-9ABD-AAC13BE43D04}.Debug|Any CPU.Build.0 = Debug|Any CPU
		{EB3D2A79-EDE9-4046-9ABD-AAC13BE43D04}.Release|Any CPU.ActiveCfg = Release|Any CPU
		{EB3D2A79-EDE9-4046-9ABD-AAC13BE43D04}.Release|Any CPU.Build.0 = Release|Any CPU
		{51909A4E-1447-48D9-942B-BEF67D11CF78}.Debug|Any CPU.ActiveCfg = Debug|Any CPU
		{51909A4E-1447-48D9-942B-BEF67D11CF78}.Debug|Any CPU.Build.0 = Debug|Any CPU
		{51909A4E-1447-48D9-942B-BEF67D11CF78}.Release|Any CPU.ActiveCfg = Release|Any CPU
		{51909A4E-1447-48D9-942B-BEF67D11CF78}.Release|Any CPU.Build.0 = Release|Any CPU
		{476B51D7-66D9-48A7-A2DE-08ED11427149}.Debug|Any CPU.ActiveCfg = Debug|Any CPU
		{476B51D7-66D9-48A7-A2DE-08ED11427149}.Debug|Any CPU.Build.0 = Debug|Any CPU
		{476B51D7-66D9-48A7-A2DE-08ED11427149}.Release|Any CPU.ActiveCfg = Release|Any CPU
		{476B51D7-66D9-48A7-A2DE-08ED11427149}.Release|Any CPU.Build.0 = Release|Any CPU
		{CCFFC3F9-8B43-4229-992D-D43A92A66ACF}.Debug|Any CPU.ActiveCfg = Debug|Any CPU
		{CCFFC3F9-8B43-4229-992D-D43A92A66ACF}.Debug|Any CPU.Build.0 = Debug|Any CPU
		{CCFFC3F9-8B43-4229-992D-D43A92A66ACF}.Release|Any CPU.ActiveCfg = Release|Any CPU
		{CCFFC3F9-8B43-4229-992D-D43A92A66ACF}.Release|Any CPU.Build.0 = Release|Any CPU
		{A2CA6ED5-8A2E-4316-9703-E9AEC54F26B1}.Debug|Any CPU.ActiveCfg = Debug|Any CPU
		{A2CA6ED5-8A2E-4316-9703-E9AEC54F26B1}.Debug|Any CPU.Build.0 = Debug|Any CPU
		{A2CA6ED5-8A2E-4316-9703-E9AEC54F26B1}.Release|Any CPU.ActiveCfg = Release|Any CPU
		{A2CA6ED5-8A2E-4316-9703-E9AEC54F26B1}.Release|Any CPU.Build.0 = Release|Any CPU
		{7A2B2DEB-906F-4C3B-BD7E-2E247C24C944}.Debug|Any CPU.ActiveCfg = Debug|Any CPU
		{7A2B2DEB-906F-4C3B-BD7E-2E247C24C944}.Debug|Any CPU.Build.0 = Debug|Any CPU
		{7A2B2DEB-906F-4C3B-BD7E-2E247C24C944}.Release|Any CPU.ActiveCfg = Release|Any CPU
		{7A2B2DEB-906F-4C3B-BD7E-2E247C24C944}.Release|Any CPU.Build.0 = Release|Any CPU
		{7CF27871-3BFE-4E82-ACA4-2AAF8ACEC661}.Debug|Any CPU.ActiveCfg = Debug|Any CPU
		{7CF27871-3BFE-4E82-ACA4-2AAF8ACEC661}.Debug|Any CPU.Build.0 = Debug|Any CPU
		{7CF27871-3BFE-4E82-ACA4-2AAF8ACEC661}.Release|Any CPU.ActiveCfg = Release|Any CPU
		{7CF27871-3BFE-4E82-ACA4-2AAF8ACEC661}.Release|Any CPU.Build.0 = Release|Any CPU
		{F604683F-EDB7-4360-BE40-E3E37B68FA8F}.Debug|Any CPU.ActiveCfg = Debug|Any CPU
		{F604683F-EDB7-4360-BE40-E3E37B68FA8F}.Debug|Any CPU.Build.0 = Debug|Any CPU
		{F604683F-EDB7-4360-BE40-E3E37B68FA8F}.Release|Any CPU.ActiveCfg = Release|Any CPU
		{F604683F-EDB7-4360-BE40-E3E37B68FA8F}.Release|Any CPU.Build.0 = Release|Any CPU
		{6FE753A1-F078-4C9E-BEF3-47C1AA05B9A4}.Debug|Any CPU.ActiveCfg = Debug|Any CPU
		{6FE753A1-F078-4C9E-BEF3-47C1AA05B9A4}.Debug|Any CPU.Build.0 = Debug|Any CPU
		{6FE753A1-F078-4C9E-BEF3-47C1AA05B9A4}.Release|Any CPU.ActiveCfg = Release|Any CPU
		{6FE753A1-F078-4C9E-BEF3-47C1AA05B9A4}.Release|Any CPU.Build.0 = Release|Any CPU
		{0810B7CB-36F8-487C-8E52-5CEBCECFF724}.Debug|Any CPU.ActiveCfg = Debug|Any CPU
		{0810B7CB-36F8-487C-8E52-5CEBCECFF724}.Debug|Any CPU.Build.0 = Debug|Any CPU
		{0810B7CB-36F8-487C-8E52-5CEBCECFF724}.Release|Any CPU.ActiveCfg = Release|Any CPU
		{0810B7CB-36F8-487C-8E52-5CEBCECFF724}.Release|Any CPU.Build.0 = Release|Any CPU
		{2C0D5231-A23F-48A6-A789-52DF054EA273}.Debug|Any CPU.ActiveCfg = Debug|Any CPU
		{2C0D5231-A23F-48A6-A789-52DF054EA273}.Debug|Any CPU.Build.0 = Debug|Any CPU
		{2C0D5231-A23F-48A6-A789-52DF054EA273}.Release|Any CPU.ActiveCfg = Release|Any CPU
		{2C0D5231-A23F-48A6-A789-52DF054EA273}.Release|Any CPU.Build.0 = Release|Any CPU
		{ECFB83AA-AEFE-475E-B5C9-50680ACB95C9}.Debug|Any CPU.ActiveCfg = Debug|Any CPU
		{ECFB83AA-AEFE-475E-B5C9-50680ACB95C9}.Debug|Any CPU.Build.0 = Debug|Any CPU
		{ECFB83AA-AEFE-475E-B5C9-50680ACB95C9}.Release|Any CPU.ActiveCfg = Release|Any CPU
		{ECFB83AA-AEFE-475E-B5C9-50680ACB95C9}.Release|Any CPU.Build.0 = Release|Any CPU
		{05548DBA-D94B-43A2-8D3D-3893998B39D6}.Debug|Any CPU.ActiveCfg = Debug|Any CPU
		{05548DBA-D94B-43A2-8D3D-3893998B39D6}.Debug|Any CPU.Build.0 = Debug|Any CPU
		{05548DBA-D94B-43A2-8D3D-3893998B39D6}.Release|Any CPU.ActiveCfg = Release|Any CPU
		{05548DBA-D94B-43A2-8D3D-3893998B39D6}.Release|Any CPU.Build.0 = Release|Any CPU
		{BCB3C604-F750-43F1-BA1A-028F147D634A}.Debug|Any CPU.ActiveCfg = Debug|Any CPU
		{BCB3C604-F750-43F1-BA1A-028F147D634A}.Debug|Any CPU.Build.0 = Debug|Any CPU
		{BCB3C604-F750-43F1-BA1A-028F147D634A}.Release|Any CPU.ActiveCfg = Release|Any CPU
		{BCB3C604-F750-43F1-BA1A-028F147D634A}.Release|Any CPU.Build.0 = Release|Any CPU
		{81346539-DFD7-43C0-941B-EBCD7B21C04A}.Debug|Any CPU.ActiveCfg = Debug|Any CPU
		{81346539-DFD7-43C0-941B-EBCD7B21C04A}.Debug|Any CPU.Build.0 = Debug|Any CPU
		{81346539-DFD7-43C0-941B-EBCD7B21C04A}.Release|Any CPU.ActiveCfg = Release|Any CPU
		{81346539-DFD7-43C0-941B-EBCD7B21C04A}.Release|Any CPU.Build.0 = Release|Any CPU
		{A4C6346B-E7B0-4778-B1DC-FF94ED186889}.Debug|Any CPU.ActiveCfg = Debug|Any CPU
		{A4C6346B-E7B0-4778-B1DC-FF94ED186889}.Debug|Any CPU.Build.0 = Debug|Any CPU
		{A4C6346B-E7B0-4778-B1DC-FF94ED186889}.Release|Any CPU.ActiveCfg = Release|Any CPU
		{A4C6346B-E7B0-4778-B1DC-FF94ED186889}.Release|Any CPU.Build.0 = Release|Any CPU
		{7FD82345-4D87-4FD2-9BC3-9E38F7DAD6CB}.Debug|Any CPU.ActiveCfg = Debug|Any CPU
		{7FD82345-4D87-4FD2-9BC3-9E38F7DAD6CB}.Debug|Any CPU.Build.0 = Debug|Any CPU
		{7FD82345-4D87-4FD2-9BC3-9E38F7DAD6CB}.Release|Any CPU.ActiveCfg = Release|Any CPU
		{7FD82345-4D87-4FD2-9BC3-9E38F7DAD6CB}.Release|Any CPU.Build.0 = Release|Any CPU
		{C23C7F2F-B93B-4FA0-A4E8-5561E6BA766D}.Debug|Any CPU.ActiveCfg = Debug|Any CPU
		{C23C7F2F-B93B-4FA0-A4E8-5561E6BA766D}.Debug|Any CPU.Build.0 = Debug|Any CPU
		{C23C7F2F-B93B-4FA0-A4E8-5561E6BA766D}.Release|Any CPU.ActiveCfg = Release|Any CPU
		{C23C7F2F-B93B-4FA0-A4E8-5561E6BA766D}.Release|Any CPU.Build.0 = Release|Any CPU
		{36F4694A-2EF9-424F-A8A7-57E8030B4B6D}.Debug|Any CPU.ActiveCfg = Debug|Any CPU
		{36F4694A-2EF9-424F-A8A7-57E8030B4B6D}.Debug|Any CPU.Build.0 = Debug|Any CPU
		{36F4694A-2EF9-424F-A8A7-57E8030B4B6D}.Release|Any CPU.ActiveCfg = Release|Any CPU
		{36F4694A-2EF9-424F-A8A7-57E8030B4B6D}.Release|Any CPU.Build.0 = Release|Any CPU
		{FD93B88C-A954-42A8-81F0-BCCC48CCB317}.Debug|Any CPU.ActiveCfg = Debug|Any CPU
		{FD93B88C-A954-42A8-81F0-BCCC48CCB317}.Debug|Any CPU.Build.0 = Debug|Any CPU
		{FD93B88C-A954-42A8-81F0-BCCC48CCB317}.Release|Any CPU.ActiveCfg = Release|Any CPU
		{FD93B88C-A954-42A8-81F0-BCCC48CCB317}.Release|Any CPU.Build.0 = Release|Any CPU
		{D590BE46-9896-4687-9AF2-03847024059F}.Debug|Any CPU.ActiveCfg = Debug|Any CPU
		{D590BE46-9896-4687-9AF2-03847024059F}.Debug|Any CPU.Build.0 = Debug|Any CPU
		{D590BE46-9896-4687-9AF2-03847024059F}.Release|Any CPU.ActiveCfg = Release|Any CPU
		{D590BE46-9896-4687-9AF2-03847024059F}.Release|Any CPU.Build.0 = Release|Any CPU
		{C0AE43DF-A8DB-419B-8163-67A072C66600}.Debug|Any CPU.ActiveCfg = Debug|Any CPU
		{C0AE43DF-A8DB-419B-8163-67A072C66600}.Debug|Any CPU.Build.0 = Debug|Any CPU
		{C0AE43DF-A8DB-419B-8163-67A072C66600}.Release|Any CPU.ActiveCfg = Release|Any CPU
		{C0AE43DF-A8DB-419B-8163-67A072C66600}.Release|Any CPU.Build.0 = Release|Any CPU
	EndGlobalSection
	GlobalSection(SolutionProperties) = preSolution
		HideSolutionNode = FALSE
	EndGlobalSection
	GlobalSection(ExtensibilityGlobals) = postSolution
		SolutionGuid = {4DD5B813-C117-44D3-9D27-CBE3D26F99AD}
	EndGlobalSection
EndGlobal
